// !$*UTF8*$!
{
	archiveVersion = 1;
	classes = {
	};
	objectVersion = 51;
	objects = {

/* Begin PBXBuildFile section */
		3B99113A2C9860E4AE5B8B7E /* Pods_Instagram.framework in Frameworks */ = {isa = PBXBuildFile; fileRef = A1979E4F382F84D1A4E60E9A /* Pods_Instagram.framework */; };
		4755538822D45AAC00CC890C /* HomeScreenViewController.m in Sources */ = {isa = PBXBuildFile; fileRef = 4755538622D45AAC00CC890C /* HomeScreenViewController.m */; };
		4755538B22D463B000CC890C /* StartScreenViewController.m in Sources */ = {isa = PBXBuildFile; fileRef = 4755538A22D463B000CC890C /* StartScreenViewController.m */; };
		4755538E22D4661100CC890C /* Post.m in Sources */ = {isa = PBXBuildFile; fileRef = 4755538D22D4661100CC890C /* Post.m */; };
		47702DFD22D3FB8D00371A36 /* AppDelegate.m in Sources */ = {isa = PBXBuildFile; fileRef = 47702DFC22D3FB8D00371A36 /* AppDelegate.m */; };
		47702E0322D3FB8D00371A36 /* Main.storyboard in Resources */ = {isa = PBXBuildFile; fileRef = 47702E0122D3FB8D00371A36 /* Main.storyboard */; };
		47702E0522D3FB8E00371A36 /* Assets.xcassets in Resources */ = {isa = PBXBuildFile; fileRef = 47702E0422D3FB8E00371A36 /* Assets.xcassets */; };
		47702E0822D3FB8E00371A36 /* LaunchScreen.storyboard in Resources */ = {isa = PBXBuildFile; fileRef = 47702E0622D3FB8E00371A36 /* LaunchScreen.storyboard */; };
		47702E0B22D3FB8E00371A36 /* main.m in Sources */ = {isa = PBXBuildFile; fileRef = 47702E0A22D3FB8E00371A36 /* main.m */; };
		47702E1522D3FB8E00371A36 /* InstagramTests.m in Sources */ = {isa = PBXBuildFile; fileRef = 47702E1422D3FB8E00371A36 /* InstagramTests.m */; };
		47702E2022D3FB8E00371A36 /* InstagramUITests.m in Sources */ = {isa = PBXBuildFile; fileRef = 47702E1F22D3FB8E00371A36 /* InstagramUITests.m */; };
		47702E3922D40DC400371A36 /* LoginViewController.m in Sources */ = {isa = PBXBuildFile; fileRef = 47702E3822D40DC400371A36 /* LoginViewController.m */; };
		47702E3F22D411D600371A36 /* RegisterViewController.m in Sources */ = {isa = PBXBuildFile; fileRef = 47702E3E22D411D600371A36 /* RegisterViewController.m */; };
		A47C97036B54BFD51D43A7E3 /* Pods_InstagramTests.framework in Frameworks */ = {isa = PBXBuildFile; fileRef = DF5795981A07983F9C85E6EB /* Pods_InstagramTests.framework */; };
		FD7F817AD2BF2672BCF2FE07 /* Pods_InstagramUITests.framework in Frameworks */ = {isa = PBXBuildFile; fileRef = 5C7818F4F3ACB6CA461FADC6 /* Pods_InstagramUITests.framework */; };
/* End PBXBuildFile section */

/* Begin PBXContainerItemProxy section */
		47702E1122D3FB8E00371A36 /* PBXContainerItemProxy */ = {
			isa = PBXContainerItemProxy;
			containerPortal = 47702DF022D3FB8D00371A36 /* Project object */;
			proxyType = 1;
			remoteGlobalIDString = 47702DF722D3FB8D00371A36;
			remoteInfo = Instagram;
		};
		47702E1C22D3FB8E00371A36 /* PBXContainerItemProxy */ = {
			isa = PBXContainerItemProxy;
			containerPortal = 47702DF022D3FB8D00371A36 /* Project object */;
			proxyType = 1;
			remoteGlobalIDString = 47702DF722D3FB8D00371A36;
			remoteInfo = Instagram;
		};
/* End PBXContainerItemProxy section */

/* Begin PBXFileReference section */
		4755538622D45AAC00CC890C /* HomeScreenViewController.m */ = {isa = PBXFileReference; lastKnownFileType = sourcecode.c.objc; name = HomeScreenViewController.m; path = "/Users/ilanashapiro/Desktop/Instagram/Instagram/View Controllers/HomeScreenViewController.m"; sourceTree = "<absolute>"; };
		4755538722D45AAC00CC890C /* HomeScreenViewController.h */ = {isa = PBXFileReference; lastKnownFileType = sourcecode.c.h; name = HomeScreenViewController.h; path = "/Users/ilanashapiro/Desktop/Instagram/Instagram/View Controllers/HomeScreenViewController.h"; sourceTree = "<absolute>"; };
		4755538922D463B000CC890C /* StartScreenViewController.h */ = {isa = PBXFileReference; lastKnownFileType = sourcecode.c.h; path = StartScreenViewController.h; sourceTree = "<group>"; };
		4755538A22D463B000CC890C /* StartScreenViewController.m */ = {isa = PBXFileReference; lastKnownFileType = sourcecode.c.objc; path = StartScreenViewController.m; sourceTree = "<group>"; };
		4755538C22D4661100CC890C /* Post.h */ = {isa = PBXFileReference; lastKnownFileType = sourcecode.c.h; name = Post.h; path = Instagram/Post.h; sourceTree = SOURCE_ROOT; };
		4755538D22D4661100CC890C /* Post.m */ = {isa = PBXFileReference; lastKnownFileType = sourcecode.c.objc; name = Post.m; path = Instagram/Post.m; sourceTree = SOURCE_ROOT; };
		47702DF822D3FB8D00371A36 /* Instagram.app */ = {isa = PBXFileReference; explicitFileType = wrapper.application; includeInIndex = 0; path = Instagram.app; sourceTree = BUILT_PRODUCTS_DIR; };
		47702DFB22D3FB8D00371A36 /* AppDelegate.h */ = {isa = PBXFileReference; lastKnownFileType = sourcecode.c.h; path = AppDelegate.h; sourceTree = "<group>"; };
		47702DFC22D3FB8D00371A36 /* AppDelegate.m */ = {isa = PBXFileReference; lastKnownFileType = sourcecode.c.objc; path = AppDelegate.m; sourceTree = "<group>"; };
		47702E0222D3FB8D00371A36 /* Base */ = {isa = PBXFileReference; lastKnownFileType = file.storyboard; name = Base; path = Base.lproj/Main.storyboard; sourceTree = "<group>"; };
		47702E0422D3FB8E00371A36 /* Assets.xcassets */ = {isa = PBXFileReference; lastKnownFileType = folder.assetcatalog; path = Assets.xcassets; sourceTree = "<group>"; };
		47702E0722D3FB8E00371A36 /* Base */ = {isa = PBXFileReference; lastKnownFileType = file.storyboard; name = Base; path = Base.lproj/LaunchScreen.storyboard; sourceTree = "<group>"; };
		47702E0922D3FB8E00371A36 /* Info.plist */ = {isa = PBXFileReference; lastKnownFileType = text.plist.xml; path = Info.plist; sourceTree = "<group>"; };
		47702E0A22D3FB8E00371A36 /* main.m */ = {isa = PBXFileReference; lastKnownFileType = sourcecode.c.objc; path = main.m; sourceTree = "<group>"; };
		47702E1022D3FB8E00371A36 /* InstagramTests.xctest */ = {isa = PBXFileReference; explicitFileType = wrapper.cfbundle; includeInIndex = 0; path = InstagramTests.xctest; sourceTree = BUILT_PRODUCTS_DIR; };
		47702E1422D3FB8E00371A36 /* InstagramTests.m */ = {isa = PBXFileReference; lastKnownFileType = sourcecode.c.objc; path = InstagramTests.m; sourceTree = "<group>"; };
		47702E1622D3FB8E00371A36 /* Info.plist */ = {isa = PBXFileReference; lastKnownFileType = text.plist.xml; path = Info.plist; sourceTree = "<group>"; };
		47702E1B22D3FB8E00371A36 /* InstagramUITests.xctest */ = {isa = PBXFileReference; explicitFileType = wrapper.cfbundle; includeInIndex = 0; path = InstagramUITests.xctest; sourceTree = BUILT_PRODUCTS_DIR; };
		47702E1F22D3FB8E00371A36 /* InstagramUITests.m */ = {isa = PBXFileReference; lastKnownFileType = sourcecode.c.objc; path = InstagramUITests.m; sourceTree = "<group>"; };
		47702E2122D3FB8E00371A36 /* Info.plist */ = {isa = PBXFileReference; lastKnownFileType = text.plist.xml; path = Info.plist; sourceTree = "<group>"; };
		47702E3722D40DC400371A36 /* LoginViewController.h */ = {isa = PBXFileReference; lastKnownFileType = sourcecode.c.h; path = LoginViewController.h; sourceTree = "<group>"; };
		47702E3822D40DC400371A36 /* LoginViewController.m */ = {isa = PBXFileReference; lastKnownFileType = sourcecode.c.objc; path = LoginViewController.m; sourceTree = "<group>"; };
		47702E3D22D411D600371A36 /* RegisterViewController.h */ = {isa = PBXFileReference; lastKnownFileType = sourcecode.c.h; path = RegisterViewController.h; sourceTree = "<group>"; };
		47702E3E22D411D600371A36 /* RegisterViewController.m */ = {isa = PBXFileReference; lastKnownFileType = sourcecode.c.objc; path = RegisterViewController.m; sourceTree = "<group>"; };
		51F3084DDCD826FDF96576B9 /* Pods-InstagramUITests.release.xcconfig */ = {isa = PBXFileReference; includeInIndex = 1; lastKnownFileType = text.xcconfig; name = "Pods-InstagramUITests.release.xcconfig"; path = "Target Support Files/Pods-InstagramUITests/Pods-InstagramUITests.release.xcconfig"; sourceTree = "<group>"; };
		58C05C1A541C5A0E72627E35 /* Pods-InstagramTests.release.xcconfig */ = {isa = PBXFileReference; includeInIndex = 1; lastKnownFileType = text.xcconfig; name = "Pods-InstagramTests.release.xcconfig"; path = "Target Support Files/Pods-InstagramTests/Pods-InstagramTests.release.xcconfig"; sourceTree = "<group>"; };
		5C7818F4F3ACB6CA461FADC6 /* Pods_InstagramUITests.framework */ = {isa = PBXFileReference; explicitFileType = wrapper.framework; includeInIndex = 0; path = Pods_InstagramUITests.framework; sourceTree = BUILT_PRODUCTS_DIR; };
		8B4706197C132AED926373DB /* Pods-InstagramTests.debug.xcconfig */ = {isa = PBXFileReference; includeInIndex = 1; lastKnownFileType = text.xcconfig; name = "Pods-InstagramTests.debug.xcconfig"; path = "Target Support Files/Pods-InstagramTests/Pods-InstagramTests.debug.xcconfig"; sourceTree = "<group>"; };
		A1979E4F382F84D1A4E60E9A /* Pods_Instagram.framework */ = {isa = PBXFileReference; explicitFileType = wrapper.framework; includeInIndex = 0; path = Pods_Instagram.framework; sourceTree = BUILT_PRODUCTS_DIR; };
		B49D23E0D6EB0E12491D0235 /* Pods-InstagramUITests.debug.xcconfig */ = {isa = PBXFileReference; includeInIndex = 1; lastKnownFileType = text.xcconfig; name = "Pods-InstagramUITests.debug.xcconfig"; path = "Target Support Files/Pods-InstagramUITests/Pods-InstagramUITests.debug.xcconfig"; sourceTree = "<group>"; };
		C4B43EA4957B3F6DFA8EFE14 /* Pods-Instagram.release.xcconfig */ = {isa = PBXFileReference; includeInIndex = 1; lastKnownFileType = text.xcconfig; name = "Pods-Instagram.release.xcconfig"; path = "Target Support Files/Pods-Instagram/Pods-Instagram.release.xcconfig"; sourceTree = "<group>"; };
		DBB8DA00B65F061703D51249 /* Pods-Instagram.debug.xcconfig */ = {isa = PBXFileReference; includeInIndex = 1; lastKnownFileType = text.xcconfig; name = "Pods-Instagram.debug.xcconfig"; path = "Target Support Files/Pods-Instagram/Pods-Instagram.debug.xcconfig"; sourceTree = "<group>"; };
		DF5795981A07983F9C85E6EB /* Pods_InstagramTests.framework */ = {isa = PBXFileReference; explicitFileType = wrapper.framework; includeInIndex = 0; path = Pods_InstagramTests.framework; sourceTree = BUILT_PRODUCTS_DIR; };
/* End PBXFileReference section */

/* Begin PBXFrameworksBuildPhase section */
		47702DF522D3FB8D00371A36 /* Frameworks */ = {
			isa = PBXFrameworksBuildPhase;
			buildActionMask = 2147483647;
			files = (
				3B99113A2C9860E4AE5B8B7E /* Pods_Instagram.framework in Frameworks */,
			);
			runOnlyForDeploymentPostprocessing = 0;
		};
		47702E0D22D3FB8E00371A36 /* Frameworks */ = {
			isa = PBXFrameworksBuildPhase;
			buildActionMask = 2147483647;
			files = (
				A47C97036B54BFD51D43A7E3 /* Pods_InstagramTests.framework in Frameworks */,
			);
			runOnlyForDeploymentPostprocessing = 0;
		};
		47702E1822D3FB8E00371A36 /* Frameworks */ = {
			isa = PBXFrameworksBuildPhase;
			buildActionMask = 2147483647;
			files = (
				FD7F817AD2BF2672BCF2FE07 /* Pods_InstagramUITests.framework in Frameworks */,
			);
			runOnlyForDeploymentPostprocessing = 0;
		};
/* End PBXFrameworksBuildPhase section */

/* Begin PBXGroup section */
		47702DEF22D3FB8D00371A36 = {
			isa = PBXGroup;
			children = (
				47702DFA22D3FB8D00371A36 /* Instagram */,
				47702E1322D3FB8E00371A36 /* InstagramTests */,
				47702E1E22D3FB8E00371A36 /* InstagramUITests */,
				47702DF922D3FB8D00371A36 /* Products */,
				BB481ACECD125A52F87AB557 /* Pods */,
				96CEAC37672B387FB8B24A65 /* Frameworks */,
			);
			sourceTree = "<group>";
		};
		47702DF922D3FB8D00371A36 /* Products */ = {
			isa = PBXGroup;
			children = (
				47702DF822D3FB8D00371A36 /* Instagram.app */,
				47702E1022D3FB8E00371A36 /* InstagramTests.xctest */,
				47702E1B22D3FB8E00371A36 /* InstagramUITests.xctest */,
			);
			name = Products;
			sourceTree = "<group>";
		};
		47702DFA22D3FB8D00371A36 /* Instagram */ = {
			isa = PBXGroup;
			children = (
				47702E3322D4087200371A36 /* View Controllers */,
				4755538C22D4661100CC890C /* Post.h */,
				4755538D22D4661100CC890C /* Post.m */,
				47702DFB22D3FB8D00371A36 /* AppDelegate.h */,
				47702DFC22D3FB8D00371A36 /* AppDelegate.m */,
				47702E0122D3FB8D00371A36 /* Main.storyboard */,
				47702E0422D3FB8E00371A36 /* Assets.xcassets */,
				47702E0622D3FB8E00371A36 /* LaunchScreen.storyboard */,
				47702E0922D3FB8E00371A36 /* Info.plist */,
				47702E0A22D3FB8E00371A36 /* main.m */,
			);
			path = Instagram;
			sourceTree = "<group>";
		};
		47702E1322D3FB8E00371A36 /* InstagramTests */ = {
			isa = PBXGroup;
			children = (
				47702E1422D3FB8E00371A36 /* InstagramTests.m */,
				47702E1622D3FB8E00371A36 /* Info.plist */,
			);
			path = InstagramTests;
			sourceTree = "<group>";
		};
		47702E1E22D3FB8E00371A36 /* InstagramUITests */ = {
			isa = PBXGroup;
			children = (
				47702E1F22D3FB8E00371A36 /* InstagramUITests.m */,
				47702E2122D3FB8E00371A36 /* Info.plist */,
			);
			path = InstagramUITests;
			sourceTree = "<group>";
		};
		47702E3322D4087200371A36 /* View Controllers */ = {
			isa = PBXGroup;
			children = (
				47702E3722D40DC400371A36 /* LoginViewController.h */,
				47702E3822D40DC400371A36 /* LoginViewController.m */,
				47702E3D22D411D600371A36 /* RegisterViewController.h */,
				47702E3E22D411D600371A36 /* RegisterViewController.m */,
				4755538722D45AAC00CC890C /* HomeScreenViewController.h */,
				4755538622D45AAC00CC890C /* HomeScreenViewController.m */,
				4755538922D463B000CC890C /* StartScreenViewController.h */,
				4755538A22D463B000CC890C /* StartScreenViewController.m */,
			);
			path = "View Controllers";
			sourceTree = "<group>";
		};
		96CEAC37672B387FB8B24A65 /* Frameworks */ = {
			isa = PBXGroup;
			children = (
				A1979E4F382F84D1A4E60E9A /* Pods_Instagram.framework */,
				DF5795981A07983F9C85E6EB /* Pods_InstagramTests.framework */,
				5C7818F4F3ACB6CA461FADC6 /* Pods_InstagramUITests.framework */,
			);
			name = Frameworks;
			sourceTree = "<group>";
		};
		BB481ACECD125A52F87AB557 /* Pods */ = {
			isa = PBXGroup;
			children = (
				DBB8DA00B65F061703D51249 /* Pods-Instagram.debug.xcconfig */,
				C4B43EA4957B3F6DFA8EFE14 /* Pods-Instagram.release.xcconfig */,
				8B4706197C132AED926373DB /* Pods-InstagramTests.debug.xcconfig */,
				58C05C1A541C5A0E72627E35 /* Pods-InstagramTests.release.xcconfig */,
				B49D23E0D6EB0E12491D0235 /* Pods-InstagramUITests.debug.xcconfig */,
				51F3084DDCD826FDF96576B9 /* Pods-InstagramUITests.release.xcconfig */,
			);
			path = Pods;
			sourceTree = "<group>";
		};
/* End PBXGroup section */

/* Begin PBXNativeTarget section */
		47702DF722D3FB8D00371A36 /* Instagram */ = {
			isa = PBXNativeTarget;
			buildConfigurationList = 47702E2422D3FB8E00371A36 /* Build configuration list for PBXNativeTarget "Instagram" */;
			buildPhases = (
				FC99C42B8359E9CEB7D67BAC /* [CP] Check Pods Manifest.lock */,
				47702DF422D3FB8D00371A36 /* Sources */,
				47702DF522D3FB8D00371A36 /* Frameworks */,
				47702DF622D3FB8D00371A36 /* Resources */,
				AFBB381F356A01949D596100 /* [CP] Embed Pods Frameworks */,
			);
			buildRules = (
			);
			dependencies = (
			);
			name = Instagram;
			productName = Instagram;
			productReference = 47702DF822D3FB8D00371A36 /* Instagram.app */;
			productType = "com.apple.product-type.application";
		};
		47702E0F22D3FB8E00371A36 /* InstagramTests */ = {
			isa = PBXNativeTarget;
			buildConfigurationList = 47702E2722D3FB8E00371A36 /* Build configuration list for PBXNativeTarget "InstagramTests" */;
			buildPhases = (
				30EDBB4B1DFEDE92A818A4E6 /* [CP] Check Pods Manifest.lock */,
				47702E0C22D3FB8E00371A36 /* Sources */,
				47702E0D22D3FB8E00371A36 /* Frameworks */,
				47702E0E22D3FB8E00371A36 /* Resources */,
			);
			buildRules = (
			);
			dependencies = (
				47702E1222D3FB8E00371A36 /* PBXTargetDependency */,
			);
			name = InstagramTests;
			productName = InstagramTests;
			productReference = 47702E1022D3FB8E00371A36 /* InstagramTests.xctest */;
			productType = "com.apple.product-type.bundle.unit-test";
		};
		47702E1A22D3FB8E00371A36 /* InstagramUITests */ = {
			isa = PBXNativeTarget;
			buildConfigurationList = 47702E2A22D3FB8E00371A36 /* Build configuration list for PBXNativeTarget "InstagramUITests" */;
			buildPhases = (
				48F00F97AC53572E25E53B04 /* [CP] Check Pods Manifest.lock */,
				47702E1722D3FB8E00371A36 /* Sources */,
				47702E1822D3FB8E00371A36 /* Frameworks */,
				47702E1922D3FB8E00371A36 /* Resources */,
			);
			buildRules = (
			);
			dependencies = (
				47702E1D22D3FB8E00371A36 /* PBXTargetDependency */,
			);
			name = InstagramUITests;
			productName = InstagramUITests;
			productReference = 47702E1B22D3FB8E00371A36 /* InstagramUITests.xctest */;
			productType = "com.apple.product-type.bundle.ui-testing";
		};
/* End PBXNativeTarget section */

/* Begin PBXProject section */
		47702DF022D3FB8D00371A36 /* Project object */ = {
			isa = PBXProject;
			attributes = {
				LastUpgradeCheck = 1020;
				ORGANIZATIONNAME = ilanashapiro;
				TargetAttributes = {
					47702DF722D3FB8D00371A36 = {
						CreatedOnToolsVersion = 10.2.1;
					};
					47702E0F22D3FB8E00371A36 = {
						CreatedOnToolsVersion = 10.2.1;
						TestTargetID = 47702DF722D3FB8D00371A36;
					};
					47702E1A22D3FB8E00371A36 = {
						CreatedOnToolsVersion = 10.2.1;
						TestTargetID = 47702DF722D3FB8D00371A36;
					};
				};
			};
			buildConfigurationList = 47702DF322D3FB8D00371A36 /* Build configuration list for PBXProject "Instagram" */;
			compatibilityVersion = "Xcode 9.3";
			developmentRegion = en;
			hasScannedForEncodings = 0;
			knownRegions = (
				en,
				Base,
			);
			mainGroup = 47702DEF22D3FB8D00371A36;
			productRefGroup = 47702DF922D3FB8D00371A36 /* Products */;
			projectDirPath = "";
			projectRoot = "";
			targets = (
				47702DF722D3FB8D00371A36 /* Instagram */,
				47702E0F22D3FB8E00371A36 /* InstagramTests */,
				47702E1A22D3FB8E00371A36 /* InstagramUITests */,
			);
		};
/* End PBXProject section */

/* Begin PBXResourcesBuildPhase section */
		47702DF622D3FB8D00371A36 /* Resources */ = {
			isa = PBXResourcesBuildPhase;
			buildActionMask = 2147483647;
			files = (
				47702E0822D3FB8E00371A36 /* LaunchScreen.storyboard in Resources */,
				47702E0522D3FB8E00371A36 /* Assets.xcassets in Resources */,
				47702E0322D3FB8D00371A36 /* Main.storyboard in Resources */,
			);
			runOnlyForDeploymentPostprocessing = 0;
		};
		47702E0E22D3FB8E00371A36 /* Resources */ = {
			isa = PBXResourcesBuildPhase;
			buildActionMask = 2147483647;
			files = (
			);
			runOnlyForDeploymentPostprocessing = 0;
		};
		47702E1922D3FB8E00371A36 /* Resources */ = {
			isa = PBXResourcesBuildPhase;
			buildActionMask = 2147483647;
			files = (
			);
			runOnlyForDeploymentPostprocessing = 0;
		};
/* End PBXResourcesBuildPhase section */

/* Begin PBXShellScriptBuildPhase section */
		30EDBB4B1DFEDE92A818A4E6 /* [CP] Check Pods Manifest.lock */ = {
			isa = PBXShellScriptBuildPhase;
			buildActionMask = 2147483647;
			files = (
			);
			inputFileListPaths = (
			);
			inputPaths = (
				"${PODS_PODFILE_DIR_PATH}/Podfile.lock",
				"${PODS_ROOT}/Manifest.lock",
			);
			name = "[CP] Check Pods Manifest.lock";
			outputFileListPaths = (
			);
			outputPaths = (
				"$(DERIVED_FILE_DIR)/Pods-InstagramTests-checkManifestLockResult.txt",
			);
			runOnlyForDeploymentPostprocessing = 0;
			shellPath = /bin/sh;
			shellScript = "diff \"${PODS_PODFILE_DIR_PATH}/Podfile.lock\" \"${PODS_ROOT}/Manifest.lock\" > /dev/null\nif [ $? != 0 ] ; then\n    # print error to STDERR\n    echo \"error: The sandbox is not in sync with the Podfile.lock. Run 'pod install' or update your CocoaPods installation.\" >&2\n    exit 1\nfi\n# This output is used by Xcode 'outputs' to avoid re-running this script phase.\necho \"SUCCESS\" > \"${SCRIPT_OUTPUT_FILE_0}\"\n";
			showEnvVarsInLog = 0;
		};
		48F00F97AC53572E25E53B04 /* [CP] Check Pods Manifest.lock */ = {
			isa = PBXShellScriptBuildPhase;
			buildActionMask = 2147483647;
			files = (
			);
			inputFileListPaths = (
			);
			inputPaths = (
				"${PODS_PODFILE_DIR_PATH}/Podfile.lock",
				"${PODS_ROOT}/Manifest.lock",
			);
			name = "[CP] Check Pods Manifest.lock";
			outputFileListPaths = (
			);
			outputPaths = (
				"$(DERIVED_FILE_DIR)/Pods-InstagramUITests-checkManifestLockResult.txt",
			);
			runOnlyForDeploymentPostprocessing = 0;
			shellPath = /bin/sh;
			shellScript = "diff \"${PODS_PODFILE_DIR_PATH}/Podfile.lock\" \"${PODS_ROOT}/Manifest.lock\" > /dev/null\nif [ $? != 0 ] ; then\n    # print error to STDERR\n    echo \"error: The sandbox is not in sync with the Podfile.lock. Run 'pod install' or update your CocoaPods installation.\" >&2\n    exit 1\nfi\n# This output is used by Xcode 'outputs' to avoid re-running this script phase.\necho \"SUCCESS\" > \"${SCRIPT_OUTPUT_FILE_0}\"\n";
			showEnvVarsInLog = 0;
		};
		AFBB381F356A01949D596100 /* [CP] Embed Pods Frameworks */ = {
			isa = PBXShellScriptBuildPhase;
			buildActionMask = 2147483647;
			files = (
			);
			inputFileListPaths = (
				"${PODS_ROOT}/Target Support Files/Pods-Instagram/Pods-Instagram-frameworks-${CONFIGURATION}-input-files.xcfilelist",
			);
			name = "[CP] Embed Pods Frameworks";
			outputFileListPaths = (
				"${PODS_ROOT}/Target Support Files/Pods-Instagram/Pods-Instagram-frameworks-${CONFIGURATION}-output-files.xcfilelist",
			);
			runOnlyForDeploymentPostprocessing = 0;
			shellPath = /bin/sh;
			shellScript = "\"${PODS_ROOT}/Target Support Files/Pods-Instagram/Pods-Instagram-frameworks.sh\"\n";
			showEnvVarsInLog = 0;
		};
		FC99C42B8359E9CEB7D67BAC /* [CP] Check Pods Manifest.lock */ = {
			isa = PBXShellScriptBuildPhase;
			buildActionMask = 2147483647;
			files = (
			);
			inputFileListPaths = (
			);
			inputPaths = (
				"${PODS_PODFILE_DIR_PATH}/Podfile.lock",
				"${PODS_ROOT}/Manifest.lock",
			);
			name = "[CP] Check Pods Manifest.lock";
			outputFileListPaths = (
			);
			outputPaths = (
				"$(DERIVED_FILE_DIR)/Pods-Instagram-checkManifestLockResult.txt",
			);
			runOnlyForDeploymentPostprocessing = 0;
			shellPath = /bin/sh;
			shellScript = "diff \"${PODS_PODFILE_DIR_PATH}/Podfile.lock\" \"${PODS_ROOT}/Manifest.lock\" > /dev/null\nif [ $? != 0 ] ; then\n    # print error to STDERR\n    echo \"error: The sandbox is not in sync with the Podfile.lock. Run 'pod install' or update your CocoaPods installation.\" >&2\n    exit 1\nfi\n# This output is used by Xcode 'outputs' to avoid re-running this script phase.\necho \"SUCCESS\" > \"${SCRIPT_OUTPUT_FILE_0}\"\n";
			showEnvVarsInLog = 0;
		};
/* End PBXShellScriptBuildPhase section */

/* Begin PBXSourcesBuildPhase section */
		47702DF422D3FB8D00371A36 /* Sources */ = {
			isa = PBXSourcesBuildPhase;
			buildActionMask = 2147483647;
			files = (
				47702E0B22D3FB8E00371A36 /* main.m in Sources */,
				4755538B22D463B000CC890C /* StartScreenViewController.m in Sources */,
				47702DFD22D3FB8D00371A36 /* AppDelegate.m in Sources */,
				47702E3F22D411D600371A36 /* RegisterViewController.m in Sources */,
				4755538822D45AAC00CC890C /* HomeScreenViewController.m in Sources */,
				47702E3922D40DC400371A36 /* LoginViewController.m in Sources */,
				4755538E22D4661100CC890C /* Post.m in Sources */,
			);
			runOnlyForDeploymentPostprocessing = 0;
		};
		47702E0C22D3FB8E00371A36 /* Sources */ = {
			isa = PBXSourcesBuildPhase;
			buildActionMask = 2147483647;
			files = (
				47702E1522D3FB8E00371A36 /* InstagramTests.m in Sources */,
			);
			runOnlyForDeploymentPostprocessing = 0;
		};
		47702E1722D3FB8E00371A36 /* Sources */ = {
			isa = PBXSourcesBuildPhase;
			buildActionMask = 2147483647;
			files = (
				47702E2022D3FB8E00371A36 /* InstagramUITests.m in Sources */,
			);
			runOnlyForDeploymentPostprocessing = 0;
		};
/* End PBXSourcesBuildPhase section */

/* Begin PBXTargetDependency section */
		47702E1222D3FB8E00371A36 /* PBXTargetDependency */ = {
			isa = PBXTargetDependency;
			target = 47702DF722D3FB8D00371A36 /* Instagram */;
			targetProxy = 47702E1122D3FB8E00371A36 /* PBXContainerItemProxy */;
		};
		47702E1D22D3FB8E00371A36 /* PBXTargetDependency */ = {
			isa = PBXTargetDependency;
			target = 47702DF722D3FB8D00371A36 /* Instagram */;
			targetProxy = 47702E1C22D3FB8E00371A36 /* PBXContainerItemProxy */;
		};
/* End PBXTargetDependency section */

/* Begin PBXVariantGroup section */
		47702E0122D3FB8D00371A36 /* Main.storyboard */ = {
			isa = PBXVariantGroup;
			children = (
				47702E0222D3FB8D00371A36 /* Base */,
			);
			name = Main.storyboard;
			sourceTree = "<group>";
		};
		47702E0622D3FB8E00371A36 /* LaunchScreen.storyboard */ = {
			isa = PBXVariantGroup;
			children = (
				47702E0722D3FB8E00371A36 /* Base */,
			);
			name = LaunchScreen.storyboard;
			sourceTree = "<group>";
		};
/* End PBXVariantGroup section */

/* Begin XCBuildConfiguration section */
		47702E2222D3FB8E00371A36 /* Debug */ = {
			isa = XCBuildConfiguration;
			buildSettings = {
				ALWAYS_SEARCH_USER_PATHS = NO;
				CLANG_ANALYZER_NONNULL = YES;
				CLANG_ANALYZER_NUMBER_OBJECT_CONVERSION = YES_AGGRESSIVE;
				CLANG_CXX_LANGUAGE_STANDARD = "gnu++14";
				CLANG_CXX_LIBRARY = "libc++";
				CLANG_ENABLE_MODULES = YES;
				CLANG_ENABLE_OBJC_ARC = YES;
				CLANG_ENABLE_OBJC_WEAK = YES;
				CLANG_WARN_BLOCK_CAPTURE_AUTORELEASING = YES;
				CLANG_WARN_BOOL_CONVERSION = YES;
				CLANG_WARN_COMMA = YES;
				CLANG_WARN_CONSTANT_CONVERSION = YES;
				CLANG_WARN_DEPRECATED_OBJC_IMPLEMENTATIONS = YES;
				CLANG_WARN_DIRECT_OBJC_ISA_USAGE = YES_ERROR;
				CLANG_WARN_DOCUMENTATION_COMMENTS = YES;
				CLANG_WARN_EMPTY_BODY = YES;
				CLANG_WARN_ENUM_CONVERSION = YES;
				CLANG_WARN_INFINITE_RECURSION = YES;
				CLANG_WARN_INT_CONVERSION = YES;
				CLANG_WARN_NON_LITERAL_NULL_CONVERSION = YES;
				CLANG_WARN_OBJC_IMPLICIT_RETAIN_SELF = YES;
				CLANG_WARN_OBJC_LITERAL_CONVERSION = YES;
				CLANG_WARN_OBJC_ROOT_CLASS = YES_ERROR;
				CLANG_WARN_RANGE_LOOP_ANALYSIS = YES;
				CLANG_WARN_STRICT_PROTOTYPES = YES;
				CLANG_WARN_SUSPICIOUS_MOVE = YES;
				CLANG_WARN_UNGUARDED_AVAILABILITY = YES_AGGRESSIVE;
				CLANG_WARN_UNREACHABLE_CODE = YES;
				CLANG_WARN__DUPLICATE_METHOD_MATCH = YES;
				CODE_SIGN_IDENTITY = "iPhone Developer";
				COPY_PHASE_STRIP = NO;
				DEBUG_INFORMATION_FORMAT = dwarf;
				ENABLE_STRICT_OBJC_MSGSEND = YES;
				ENABLE_TESTABILITY = YES;
				GCC_C_LANGUAGE_STANDARD = gnu11;
				GCC_DYNAMIC_NO_PIC = NO;
				GCC_NO_COMMON_BLOCKS = YES;
				GCC_OPTIMIZATION_LEVEL = 0;
				GCC_PREPROCESSOR_DEFINITIONS = (
					"DEBUG=1",
					"$(inherited)",
				);
				GCC_WARN_64_TO_32_BIT_CONVERSION = YES;
				GCC_WARN_ABOUT_RETURN_TYPE = YES_ERROR;
				GCC_WARN_UNDECLARED_SELECTOR = YES;
				GCC_WARN_UNINITIALIZED_AUTOS = YES_AGGRESSIVE;
				GCC_WARN_UNUSED_FUNCTION = YES;
				GCC_WARN_UNUSED_VARIABLE = YES;
				IPHONEOS_DEPLOYMENT_TARGET = 12.2;
				MTL_ENABLE_DEBUG_INFO = INCLUDE_SOURCE;
				MTL_FAST_MATH = YES;
				ONLY_ACTIVE_ARCH = YES;
				SDKROOT = iphoneos;
			};
			name = Debug;
		};
		47702E2322D3FB8E00371A36 /* Release */ = {
			isa = XCBuildConfiguration;
			buildSettings = {
				ALWAYS_SEARCH_USER_PATHS = NO;
				CLANG_ANALYZER_NONNULL = YES;
				CLANG_ANALYZER_NUMBER_OBJECT_CONVERSION = YES_AGGRESSIVE;
				CLANG_CXX_LANGUAGE_STANDARD = "gnu++14";
				CLANG_CXX_LIBRARY = "libc++";
				CLANG_ENABLE_MODULES = YES;
				CLANG_ENABLE_OBJC_ARC = YES;
				CLANG_ENABLE_OBJC_WEAK = YES;
				CLANG_WARN_BLOCK_CAPTURE_AUTORELEASING = YES;
				CLANG_WARN_BOOL_CONVERSION = YES;
				CLANG_WARN_COMMA = YES;
				CLANG_WARN_CONSTANT_CONVERSION = YES;
				CLANG_WARN_DEPRECATED_OBJC_IMPLEMENTATIONS = YES;
				CLANG_WARN_DIRECT_OBJC_ISA_USAGE = YES_ERROR;
				CLANG_WARN_DOCUMENTATION_COMMENTS = YES;
				CLANG_WARN_EMPTY_BODY = YES;
				CLANG_WARN_ENUM_CONVERSION = YES;
				CLANG_WARN_INFINITE_RECURSION = YES;
				CLANG_WARN_INT_CONVERSION = YES;
				CLANG_WARN_NON_LITERAL_NULL_CONVERSION = YES;
				CLANG_WARN_OBJC_IMPLICIT_RETAIN_SELF = YES;
				CLANG_WARN_OBJC_LITERAL_CONVERSION = YES;
				CLANG_WARN_OBJC_ROOT_CLASS = YES_ERROR;
				CLANG_WARN_RANGE_LOOP_ANALYSIS = YES;
				CLANG_WARN_STRICT_PROTOTYPES = YES;
				CLANG_WARN_SUSPICIOUS_MOVE = YES;
				CLANG_WARN_UNGUARDED_AVAILABILITY = YES_AGGRESSIVE;
				CLANG_WARN_UNREACHABLE_CODE = YES;
				CLANG_WARN__DUPLICATE_METHOD_MATCH = YES;
				CODE_SIGN_IDENTITY = "iPhone Developer";
				COPY_PHASE_STRIP = NO;
				DEBUG_INFORMATION_FORMAT = "dwarf-with-dsym";
				ENABLE_NS_ASSERTIONS = NO;
				ENABLE_STRICT_OBJC_MSGSEND = YES;
				GCC_C_LANGUAGE_STANDARD = gnu11;
				GCC_NO_COMMON_BLOCKS = YES;
				GCC_WARN_64_TO_32_BIT_CONVERSION = YES;
				GCC_WARN_ABOUT_RETURN_TYPE = YES_ERROR;
				GCC_WARN_UNDECLARED_SELECTOR = YES;
				GCC_WARN_UNINITIALIZED_AUTOS = YES_AGGRESSIVE;
				GCC_WARN_UNUSED_FUNCTION = YES;
				GCC_WARN_UNUSED_VARIABLE = YES;
				IPHONEOS_DEPLOYMENT_TARGET = 12.2;
				MTL_ENABLE_DEBUG_INFO = NO;
				MTL_FAST_MATH = YES;
				SDKROOT = iphoneos;
				VALIDATE_PRODUCT = YES;
			};
			name = Release;
		};
		47702E2522D3FB8E00371A36 /* Debug */ = {
			isa = XCBuildConfiguration;
			baseConfigurationReference = DBB8DA00B65F061703D51249 /* Pods-Instagram.debug.xcconfig */;
			buildSettings = {
				ASSETCATALOG_COMPILER_APPICON_NAME = AppIcon;
				CODE_SIGN_STYLE = Automatic;
				DEVELOPMENT_TEAM = 8DH593U6VL;
				INFOPLIST_FILE = Instagram/Info.plist;
				LD_RUNPATH_SEARCH_PATHS = (
					"$(inherited)",
					"@executable_path/Frameworks",
				);
				PRODUCT_BUNDLE_IDENTIFIER = com.ilanashapiro.Instagram;
				PRODUCT_NAME = "$(TARGET_NAME)";
				TARGETED_DEVICE_FAMILY = "1,2";
			};
			name = Debug;
		};
		47702E2622D3FB8E00371A36 /* Release */ = {
			isa = XCBuildConfiguration;
			baseConfigurationReference = C4B43EA4957B3F6DFA8EFE14 /* Pods-Instagram.release.xcconfig */;
			buildSettings = {
				ASSETCATALOG_COMPILER_APPICON_NAME = AppIcon;
				CODE_SIGN_STYLE = Automatic;
				DEVELOPMENT_TEAM = 8DH593U6VL;
				INFOPLIST_FILE = Instagram/Info.plist;
				LD_RUNPATH_SEARCH_PATHS = (
					"$(inherited)",
					"@executable_path/Frameworks",
				);
				PRODUCT_BUNDLE_IDENTIFIER = com.ilanashapiro.Instagram;
				PRODUCT_NAME = "$(TARGET_NAME)";
				TARGETED_DEVICE_FAMILY = "1,2";
			};
			name = Release;
		};
		47702E2822D3FB8E00371A36 /* Debug */ = {
			isa = XCBuildConfiguration;
			baseConfigurationReference = 8B4706197C132AED926373DB /* Pods-InstagramTests.debug.xcconfig */;
			buildSettings = {
				BUNDLE_LOADER = "$(TEST_HOST)";
				CODE_SIGN_STYLE = Automatic;
				INFOPLIST_FILE = InstagramTests/Info.plist;
				LD_RUNPATH_SEARCH_PATHS = (
					"$(inherited)",
					"@executable_path/Frameworks",
					"@loader_path/Frameworks",
				);
				PRODUCT_BUNDLE_IDENTIFIER = com.ilanashapiro.InstagramTests;
				PRODUCT_NAME = "$(TARGET_NAME)";
				TARGETED_DEVICE_FAMILY = "1,2";
				TEST_HOST = "$(BUILT_PRODUCTS_DIR)/Instagram.app/Instagram";
			};
			name = Debug;
		};
		47702E2922D3FB8E00371A36 /* Release */ = {
			isa = XCBuildConfiguration;
			baseConfigurationReference = 58C05C1A541C5A0E72627E35 /* Pods-InstagramTests.release.xcconfig */;
			buildSettings = {
				BUNDLE_LOADER = "$(TEST_HOST)";
				CODE_SIGN_STYLE = Automatic;
				INFOPLIST_FILE = InstagramTests/Info.plist;
				LD_RUNPATH_SEARCH_PATHS = (
					"$(inherited)",
					"@executable_path/Frameworks",
					"@loader_path/Frameworks",
				);
				PRODUCT_BUNDLE_IDENTIFIER = com.ilanashapiro.InstagramTests;
				PRODUCT_NAME = "$(TARGET_NAME)";
				TARGETED_DEVICE_FAMILY = "1,2";
				TEST_HOST = "$(BUILT_PRODUCTS_DIR)/Instagram.app/Instagram";
			};
			name = Release;
		};
		47702E2B22D3FB8E00371A36 /* Debug */ = {
			isa = XCBuildConfiguration;
			baseConfigurationReference = B49D23E0D6EB0E12491D0235 /* Pods-InstagramUITests.debug.xcconfig */;
			buildSettings = {
				CODE_SIGN_STYLE = Automatic;
				INFOPLIST_FILE = InstagramUITests/Info.plist;
				LD_RUNPATH_SEARCH_PATHS = (
					"$(inherited)",
					"@executable_path/Frameworks",
					"@loader_path/Frameworks",
				);
				PRODUCT_BUNDLE_IDENTIFIER = com.ilanashapiro.InstagramUITests;
				PRODUCT_NAME = "$(TARGET_NAME)";
				TARGETED_DEVICE_FAMILY = "1,2";
				TEST_TARGET_NAME = Instagram;
			};
			name = Debug;
		};
		47702E2C22D3FB8E00371A36 /* Release */ = {
			isa = XCBuildConfiguration;
			baseConfigurationReference = 51F3084DDCD826FDF96576B9 /* Pods-InstagramUITests.release.xcconfig */;
			buildSettings = {
				CODE_SIGN_STYLE = Automatic;
				INFOPLIST_FILE = InstagramUITests/Info.plist;
				LD_RUNPATH_SEARCH_PATHS = (
					"$(inherited)",
					"@executable_path/Frameworks",
					"@loader_path/Frameworks",
				);
				PRODUCT_BUNDLE_IDENTIFIER = com.ilanashapiro.InstagramUITests;
				PRODUCT_NAME = "$(TARGET_NAME)";
				TARGETED_DEVICE_FAMILY = "1,2";
				TEST_TARGET_NAME = Instagram;
			};
			name = Release;
		};
/* End XCBuildConfiguration section */

/* Begin XCConfigurationList section */
		47702DF322D3FB8D00371A36 /* Build configuration list for PBXProject "Instagram" */ = {
			isa = XCConfigurationList;
			buildConfigurations = (
				47702E2222D3FB8E00371A36 /* Debug */,
				47702E2322D3FB8E00371A36 /* Release */,
			);
			defaultConfigurationIsVisible = 0;
			defaultConfigurationName = Release;
		};
		47702E2422D3FB8E00371A36 /* Build configuration list for PBXNativeTarget "Instagram" */ = {
			isa = XCConfigurationList;
			buildConfigurations = (
				47702E2522D3FB8E00371A36 /* Debug */,
				47702E2622D3FB8E00371A36 /* Release */,
			);
			defaultConfigurationIsVisible = 0;
			defaultConfigurationName = Release;
		};
		47702E2722D3FB8E00371A36 /* Build configuration list for PBXNativeTarget "InstagramTests" */ = {
			isa = XCConfigurationList;
			buildConfigurations = (
				47702E2822D3FB8E00371A36 /* Debug */,
				47702E2922D3FB8E00371A36 /* Release */,
			);
			defaultConfigurationIsVisible = 0;
			defaultConfigurationName = Release;
		};
		47702E2A22D3FB8E00371A36 /* Build configuration list for PBXNativeTarget "InstagramUITests" */ = {
			isa = XCConfigurationList;
			buildConfigurations = (
				47702E2B22D3FB8E00371A36 /* Debug */,
				47702E2C22D3FB8E00371A36 /* Release */,
			);
			defaultConfigurationIsVisible = 0;
			defaultConfigurationName = Release;
		};
/* End XCConfigurationList section */
	};
	rootObject = 47702DF022D3FB8D00371A36 /* Project object */;
}
